Microsoft Visual Studio Solution File, Format Version 11.00
# Visual Studio 2010
Project("{FAE04EC0-301F-11D3-BF4B-00C04F79EFBC}") = "ANRL_Client", "GELive\ANRL_Client.csproj", "{1A2526F5-9A18-40D7-A4C1-479A131F1698}"
EndProject
Project("{FAE04EC0-301F-11D3-BF4B-00C04F79EFBC}") = "TCPReciever", "TCPReciever\TCPReciever.csproj", "{A7C66D55-685E-47B2-A97D-31FD4E50ADD7}"
EndProject
Project("{FAE04EC0-301F-11D3-BF4B-00C04F79EFBC}") = "ControllCenter", "ControllCenter\ControllCenter.csproj", "{7420F403-082D-42FE-B1A3-CE4FA97CEDC2}"
EndProject
Project("{FAE04EC0-301F-11D3-BF4B-00C04F79EFBC}") = "DataService", "DataService\DataService.csproj", "{2D2F75FD-F155-451B-A49F-EAECB277F282}"
EndProject
Project("{FAE04EC0-301F-11D3-BF4B-00C04F79EFBC}") = "AirNavigationRaceLive", "AirNavigationRaceLive\AirNavigationRaceLive.csproj", "{B483E041-0DA3-4659-8B40-BB5DB3FE5959}"
EndProject
Project("{FAE04EC0-301F-11D3-BF4B-00C04F79EFBC}") = "RemoteHelper", "RemoteHelper\RemoteHelper.csproj", "{1B6A7977-58B9-4369-A4D2-DCB0A286F429}"
EndProject
Project("{2150E333-8FDC-42A3-9474-1A3956D46DE8}") = "Old", "Old", "{FA460DC2-7060-4ADA-8A2B-842E6F7EAE4E}"
EndProject
Project("{FAE04EC0-301F-11D3-BF4B-00C04F79EFBC}") = "AnrlService", "AnrlService\AnrlService.csproj", "{42123A7B-3B6F-4EE3-A7B9-2253499D8D08}"
EndProject
Project("{FAE04EC0-301F-11D3-BF4B-00C04F79EFBC}") = "TestApplikation", "TestApplikation\TestApplikation.csproj", "{5632D2C3-736F-48F7-A50E-8716F30766EA}"
EndProject
Project("{FAE04EC0-301F-11D3-BF4B-00C04F79EFBC}") = "AnrlDB", "AnrlDB\AnrlDB.csproj", "{30DE453C-A020-480F-85DB-50EF7B364167}"
EndProject
Project("{FAE04EC0-301F-11D3-BF4B-00C04F79EFBC}") = "ANRL-Tests", "ANRL-Tests\ANRL-Tests.csproj", "{2A12244B-3762-49BA-9D40-3968033CBEE0}"
	ProjectSection(ProjectDependencies) = postProject
		{30DE453C-A020-480F-85DB-50EF7B364167} = {30DE453C-A020-480F-85DB-50EF7B364167}
		{42123A7B-3B6F-4EE3-A7B9-2253499D8D08} = {42123A7B-3B6F-4EE3-A7B9-2253499D8D08}
	EndProjectSection
EndProject
Project("{2150E333-8FDC-42A3-9474-1A3956D46DE8}") = "Solution Items", "Solution Items", "{D8E3542C-14E1-48F3-B8DA-EDF8B4A3CDC8}"
	ProjectSection(SolutionItems) = preProject
		AirNavigationRaceLive.vsmdi = AirNavigationRaceLive.vsmdi
		Local.testsettings = Local.testsettings
		TraceAndTestImpact.testsettings = TraceAndTestImpact.testsettings
	EndProjectSection
EndProject
Project("{FAE04EC0-301F-11D3-BF4B-00C04F79EFBC}") = "protobuf-net", "Protobuf-net\protobuf-net.csproj", "{8374E4D7-2A91-48F1-9360-09B09CF27C3F}"
EndProject
Project("{FAE04EC0-301F-11D3-BF4B-00C04F79EFBC}") = "NetworkObjects", "NetworkObjects\NetworkObjects.csproj", "{AAB6683E-EE14-4F1F-922A-979FAE5F22AE}"
EndProject
Project("{FAE04EC0-301F-11D3-BF4B-00C04F79EFBC}") = "NetworkObjectsTest", "NetworkObjectsTest\NetworkObjectsTest.csproj", "{12EE4CDF-5F46-4351-98F1-6F81DD1687DC}"
EndProject
Global
	GlobalSection(SubversionScc) = preSolution
		Svn-Managed = True
		Manager = AnkhSVN - Subversion Support for Visual Studio
	EndGlobalSection
	GlobalSection(TestCaseManagementSettings) = postSolution
		CategoryFile = AirNavigationRaceLive.vsmdi
	EndGlobalSection
	GlobalSection(SolutionConfigurationPlatforms) = preSolution
		Debug|Any CPU = Debug|Any CPU
		Debug|Mixed Platforms = Debug|Mixed Platforms
		Debug|x86 = Debug|x86
		Default|Any CPU = Default|Any CPU
		Default|Mixed Platforms = Default|Mixed Platforms
		Default|x86 = Default|x86
		iOS|Any CPU = iOS|Any CPU
		iOS|Mixed Platforms = iOS|Mixed Platforms
		iOS|x86 = iOS|x86
		Net20|Any CPU = Net20|Any CPU
		Net20|Mixed Platforms = Net20|Mixed Platforms
		Net20|x86 = Net20|x86
		Profile|Any CPU = Profile|Any CPU
		Profile|Mixed Platforms = Profile|Mixed Platforms
		Profile|x86 = Profile|x86
		Release|Any CPU = Release|Any CPU
		Release|Mixed Platforms = Release|Mixed Platforms
		Release|x86 = Release|x86
		Silverlight2|Any CPU = Silverlight2|Any CPU
		Silverlight2|Mixed Platforms = Silverlight2|Mixed Platforms
		Silverlight2|x86 = Silverlight2|x86
	EndGlobalSection
	GlobalSection(ProjectConfigurationPlatforms) = postSolution
		{1A2526F5-9A18-40D7-A4C1-479A131F1698}.Debug|Any CPU.ActiveCfg = Debug|Any CPU
		{1A2526F5-9A18-40D7-A4C1-479A131F1698}.Debug|Any CPU.Build.0 = Debug|Any CPU
		{1A2526F5-9A18-40D7-A4C1-479A131F1698}.Debug|Mixed Platforms.ActiveCfg = Debug|Any CPU
		{1A2526F5-9A18-40D7-A4C1-479A131F1698}.Debug|Mixed Platforms.Build.0 = Debug|Any CPU
		{1A2526F5-9A18-40D7-A4C1-479A131F1698}.Debug|x86.ActiveCfg = Debug|Any CPU
		{1A2526F5-9A18-40D7-A4C1-479A131F1698}.Default|Any CPU.ActiveCfg = Debug|Any CPU
		{1A2526F5-9A18-40D7-A4C1-479A131F1698}.Default|Any CPU.Build.0 = Debug|Any CPU
		{1A2526F5-9A18-40D7-A4C1-479A131F1698}.Default|Mixed Platforms.ActiveCfg = Debug|Any CPU
		{1A2526F5-9A18-40D7-A4C1-479A131F1698}.Default|Mixed Platforms.Build.0 = Debug|Any CPU
		{1A2526F5-9A18-40D7-A4C1-479A131F1698}.Default|x86.ActiveCfg = Debug|Any CPU
		{1A2526F5-9A18-40D7-A4C1-479A131F1698}.iOS|Any CPU.ActiveCfg = Release|Any CPU
		{1A2526F5-9A18-40D7-A4C1-479A131F1698}.iOS|Mixed Platforms.ActiveCfg = Release|Any CPU
		{1A2526F5-9A18-40D7-A4C1-479A131F1698}.iOS|x86.ActiveCfg = Release|Any CPU
		{1A2526F5-9A18-40D7-A4C1-479A131F1698}.Net20|Any CPU.ActiveCfg = Release|Any CPU
		{1A2526F5-9A18-40D7-A4C1-479A131F1698}.Net20|Mixed Platforms.ActiveCfg = Release|Any CPU
		{1A2526F5-9A18-40D7-A4C1-479A131F1698}.Net20|x86.ActiveCfg = Release|Any CPU
		{1A2526F5-9A18-40D7-A4C1-479A131F1698}.Profile|Any CPU.ActiveCfg = Release|Any CPU
		{1A2526F5-9A18-40D7-A4C1-479A131F1698}.Profile|Mixed Platforms.ActiveCfg = Release|Any CPU
		{1A2526F5-9A18-40D7-A4C1-479A131F1698}.Profile|x86.ActiveCfg = Release|Any CPU
		{1A2526F5-9A18-40D7-A4C1-479A131F1698}.Release|Any CPU.ActiveCfg = Release|Any CPU
		{1A2526F5-9A18-40D7-A4C1-479A131F1698}.Release|Any CPU.Build.0 = Release|Any CPU
		{1A2526F5-9A18-40D7-A4C1-479A131F1698}.Release|Mixed Platforms.ActiveCfg = Release|Any CPU
		{1A2526F5-9A18-40D7-A4C1-479A131F1698}.Release|Mixed Platforms.Build.0 = Release|Any CPU
		{1A2526F5-9A18-40D7-A4C1-479A131F1698}.Release|x86.ActiveCfg = Release|Any CPU
		{1A2526F5-9A18-40D7-A4C1-479A131F1698}.Silverlight2|Any CPU.ActiveCfg = Release|Any CPU
		{1A2526F5-9A18-40D7-A4C1-479A131F1698}.Silverlight2|Mixed Platforms.ActiveCfg = Release|Any CPU
		{1A2526F5-9A18-40D7-A4C1-479A131F1698}.Silverlight2|x86.ActiveCfg = Release|Any CPU
		{A7C66D55-685E-47B2-A97D-31FD4E50ADD7}.Debug|Any CPU.ActiveCfg = Debug|Any CPU
		{A7C66D55-685E-47B2-A97D-31FD4E50ADD7}.Debug|Any CPU.Build.0 = Debug|Any CPU
		{A7C66D55-685E-47B2-A97D-31FD4E50ADD7}.Debug|Mixed Platforms.ActiveCfg = Debug|Any CPU
		{A7C66D55-685E-47B2-A97D-31FD4E50ADD7}.Debug|Mixed Platforms.Build.0 = Debug|Any CPU
		{A7C66D55-685E-47B2-A97D-31FD4E50ADD7}.Debug|x86.ActiveCfg = Debug|Any CPU
		{A7C66D55-685E-47B2-A97D-31FD4E50ADD7}.Default|Any CPU.ActiveCfg = Debug|Any CPU
		{A7C66D55-685E-47B2-A97D-31FD4E50ADD7}.Default|Any CPU.Build.0 = Debug|Any CPU
		{A7C66D55-685E-47B2-A97D-31FD4E50ADD7}.Default|Mixed Platforms.ActiveCfg = Debug|Any CPU
		{A7C66D55-685E-47B2-A97D-31FD4E50ADD7}.Default|Mixed Platforms.Build.0 = Debug|Any CPU
		{A7C66D55-685E-47B2-A97D-31FD4E50ADD7}.Default|x86.ActiveCfg = Debug|Any CPU
		{A7C66D55-685E-47B2-A97D-31FD4E50ADD7}.iOS|Any CPU.ActiveCfg = Release|Any CPU
		{A7C66D55-685E-47B2-A97D-31FD4E50ADD7}.iOS|Mixed Platforms.ActiveCfg = Release|Any CPU
		{A7C66D55-685E-47B2-A97D-31FD4E50ADD7}.iOS|x86.ActiveCfg = Release|Any CPU
		{A7C66D55-685E-47B2-A97D-31FD4E50ADD7}.Net20|Any CPU.ActiveCfg = Release|Any CPU
		{A7C66D55-685E-47B2-A97D-31FD4E50ADD7}.Net20|Mixed Platforms.ActiveCfg = Release|Any CPU
		{A7C66D55-685E-47B2-A97D-31FD4E50ADD7}.Net20|x86.ActiveCfg = Release|Any CPU
		{A7C66D55-685E-47B2-A97D-31FD4E50ADD7}.Profile|Any CPU.ActiveCfg = Release|Any CPU
		{A7C66D55-685E-47B2-A97D-31FD4E50ADD7}.Profile|Mixed Platforms.ActiveCfg = Release|Any CPU
		{A7C66D55-685E-47B2-A97D-31FD4E50ADD7}.Profile|x86.ActiveCfg = Release|Any CPU
		{A7C66D55-685E-47B2-A97D-31FD4E50ADD7}.Release|Any CPU.ActiveCfg = Release|Any CPU
		{A7C66D55-685E-47B2-A97D-31FD4E50ADD7}.Release|Any CPU.Build.0 = Release|Any CPU
		{A7C66D55-685E-47B2-A97D-31FD4E50ADD7}.Release|Mixed Platforms.ActiveCfg = Release|Any CPU
		{A7C66D55-685E-47B2-A97D-31FD4E50ADD7}.Release|Mixed Platforms.Build.0 = Release|Any CPU
		{A7C66D55-685E-47B2-A97D-31FD4E50ADD7}.Release|x86.ActiveCfg = Release|Any CPU
		{A7C66D55-685E-47B2-A97D-31FD4E50ADD7}.Silverlight2|Any CPU.ActiveCfg = Release|Any CPU
		{A7C66D55-685E-47B2-A97D-31FD4E50ADD7}.Silverlight2|Mixed Platforms.ActiveCfg = Release|Any CPU
		{A7C66D55-685E-47B2-A97D-31FD4E50ADD7}.Silverlight2|x86.ActiveCfg = Release|Any CPU
		{7420F403-082D-42FE-B1A3-CE4FA97CEDC2}.Debug|Any CPU.ActiveCfg = Debug|Any CPU
		{7420F403-082D-42FE-B1A3-CE4FA97CEDC2}.Debug|Any CPU.Build.0 = Debug|Any CPU
		{7420F403-082D-42FE-B1A3-CE4FA97CEDC2}.Debug|Mixed Platforms.ActiveCfg = Debug|Any CPU
		{7420F403-082D-42FE-B1A3-CE4FA97CEDC2}.Debug|Mixed Platforms.Build.0 = Debug|Any CPU
		{7420F403-082D-42FE-B1A3-CE4FA97CEDC2}.Debug|x86.ActiveCfg = Debug|Any CPU
		{7420F403-082D-42FE-B1A3-CE4FA97CEDC2}.Default|Any CPU.ActiveCfg = Debug|Any CPU
		{7420F403-082D-42FE-B1A3-CE4FA97CEDC2}.Default|Any CPU.Build.0 = Debug|Any CPU
		{7420F403-082D-42FE-B1A3-CE4FA97CEDC2}.Default|Mixed Platforms.ActiveCfg = Debug|Any CPU
		{7420F403-082D-42FE-B1A3-CE4FA97CEDC2}.Default|Mixed Platforms.Build.0 = Debug|Any CPU
		{7420F403-082D-42FE-B1A3-CE4FA97CEDC2}.Default|x86.ActiveCfg = Debug|Any CPU
		{7420F403-082D-42FE-B1A3-CE4FA97CEDC2}.iOS|Any CPU.ActiveCfg = Release|Any CPU
		{7420F403-082D-42FE-B1A3-CE4FA97CEDC2}.iOS|Mixed Platforms.ActiveCfg = Release|Any CPU
		{7420F403-082D-42FE-B1A3-CE4FA97CEDC2}.iOS|x86.ActiveCfg = Release|Any CPU
		{7420F403-082D-42FE-B1A3-CE4FA97CEDC2}.Net20|Any CPU.ActiveCfg = Release|Any CPU
		{7420F403-082D-42FE-B1A3-CE4FA97CEDC2}.Net20|Mixed Platforms.ActiveCfg = Release|Any CPU
		{7420F403-082D-42FE-B1A3-CE4FA97CEDC2}.Net20|x86.ActiveCfg = Release|Any CPU
		{7420F403-082D-42FE-B1A3-CE4FA97CEDC2}.Profile|Any CPU.ActiveCfg = Release|Any CPU
		{7420F403-082D-42FE-B1A3-CE4FA97CEDC2}.Profile|Mixed Platforms.ActiveCfg = Release|Any CPU
		{7420F403-082D-42FE-B1A3-CE4FA97CEDC2}.Profile|x86.ActiveCfg = Release|Any CPU
		{7420F403-082D-42FE-B1A3-CE4FA97CEDC2}.Release|Any CPU.ActiveCfg = Release|Any CPU
		{7420F403-082D-42FE-B1A3-CE4FA97CEDC2}.Release|Any CPU.Build.0 = Release|Any CPU
		{7420F403-082D-42FE-B1A3-CE4FA97CEDC2}.Release|Mixed Platforms.ActiveCfg = Release|Any CPU
		{7420F403-082D-42FE-B1A3-CE4FA97CEDC2}.Release|Mixed Platforms.Build.0 = Release|Any CPU
		{7420F403-082D-42FE-B1A3-CE4FA97CEDC2}.Release|x86.ActiveCfg = Release|Any CPU
		{7420F403-082D-42FE-B1A3-CE4FA97CEDC2}.Silverlight2|Any CPU.ActiveCfg = Release|Any CPU
		{7420F403-082D-42FE-B1A3-CE4FA97CEDC2}.Silverlight2|Mixed Platforms.ActiveCfg = Release|Any CPU
		{7420F403-082D-42FE-B1A3-CE4FA97CEDC2}.Silverlight2|x86.ActiveCfg = Release|Any CPU
		{2D2F75FD-F155-451B-A49F-EAECB277F282}.Debug|Any CPU.ActiveCfg = Debug|Any CPU
		{2D2F75FD-F155-451B-A49F-EAECB277F282}.Debug|Any CPU.Build.0 = Debug|Any CPU
		{2D2F75FD-F155-451B-A49F-EAECB277F282}.Debug|Mixed Platforms.ActiveCfg = Debug|Any CPU
		{2D2F75FD-F155-451B-A49F-EAECB277F282}.Debug|Mixed Platforms.Build.0 = Debug|Any CPU
		{2D2F75FD-F155-451B-A49F-EAECB277F282}.Debug|x86.ActiveCfg = Debug|Any CPU
		{2D2F75FD-F155-451B-A49F-EAECB277F282}.Default|Any CPU.ActiveCfg = Debug|Any CPU
		{2D2F75FD-F155-451B-A49F-EAECB277F282}.Default|Any CPU.Build.0 = Debug|Any CPU
		{2D2F75FD-F155-451B-A49F-EAECB277F282}.Default|Mixed Platforms.ActiveCfg = Debug|Any CPU
		{2D2F75FD-F155-451B-A49F-EAECB277F282}.Default|Mixed Platforms.Build.0 = Debug|Any CPU
		{2D2F75FD-F155-451B-A49F-EAECB277F282}.Default|x86.ActiveCfg = Debug|Any CPU
		{2D2F75FD-F155-451B-A49F-EAECB277F282}.iOS|Any CPU.ActiveCfg = Release|Any CPU
		{2D2F75FD-F155-451B-A49F-EAECB277F282}.iOS|Mixed Platforms.ActiveCfg = Release|Any CPU
		{2D2F75FD-F155-451B-A49F-EAECB277F282}.iOS|x86.ActiveCfg = Release|Any CPU
		{2D2F75FD-F155-451B-A49F-EAECB277F282}.Net20|Any CPU.ActiveCfg = Release|Any CPU
		{2D2F75FD-F155-451B-A49F-EAECB277F282}.Net20|Mixed Platforms.ActiveCfg = Release|Any CPU
		{2D2F75FD-F155-451B-A49F-EAECB277F282}.Net20|x86.ActiveCfg = Release|Any CPU
		{2D2F75FD-F155-451B-A49F-EAECB277F282}.Profile|Any CPU.ActiveCfg = Release|Any CPU
		{2D2F75FD-F155-451B-A49F-EAECB277F282}.Profile|Mixed Platforms.ActiveCfg = Release|Any CPU
		{2D2F75FD-F155-451B-A49F-EAECB277F282}.Profile|x86.ActiveCfg = Release|Any CPU
		{2D2F75FD-F155-451B-A49F-EAECB277F282}.Release|Any CPU.ActiveCfg = Release|Any CPU
		{2D2F75FD-F155-451B-A49F-EAECB277F282}.Release|Any CPU.Build.0 = Release|Any CPU
		{2D2F75FD-F155-451B-A49F-EAECB277F282}.Release|Mixed Platforms.ActiveCfg = Release|Any CPU
		{2D2F75FD-F155-451B-A49F-EAECB277F282}.Release|Mixed Platforms.Build.0 = Release|Any CPU
		{2D2F75FD-F155-451B-A49F-EAECB277F282}.Release|x86.ActiveCfg = Release|Any CPU
		{2D2F75FD-F155-451B-A49F-EAECB277F282}.Silverlight2|Any CPU.ActiveCfg = Release|Any CPU
		{2D2F75FD-F155-451B-A49F-EAECB277F282}.Silverlight2|Mixed Platforms.ActiveCfg = Release|Any CPU
		{2D2F75FD-F155-451B-A49F-EAECB277F282}.Silverlight2|x86.ActiveCfg = Release|Any CPU
		{B483E041-0DA3-4659-8B40-BB5DB3FE5959}.Debug|Any CPU.ActiveCfg = Debug|x86
		{B483E041-0DA3-4659-8B40-BB5DB3FE5959}.Debug|Mixed Platforms.ActiveCfg = Debug|x86
		{B483E041-0DA3-4659-8B40-BB5DB3FE5959}.Debug|Mixed Platforms.Build.0 = Debug|x86
		{B483E041-0DA3-4659-8B40-BB5DB3FE5959}.Debug|x86.ActiveCfg = Debug|x86
		{B483E041-0DA3-4659-8B40-BB5DB3FE5959}.Debug|x86.Build.0 = Debug|x86
		{B483E041-0DA3-4659-8B40-BB5DB3FE5959}.Default|Any CPU.ActiveCfg = Debug|x86
		{B483E041-0DA3-4659-8B40-BB5DB3FE5959}.Default|Mixed Platforms.ActiveCfg = Debug|x86
		{B483E041-0DA3-4659-8B40-BB5DB3FE5959}.Default|Mixed Platforms.Build.0 = Debug|x86
		{B483E041-0DA3-4659-8B40-BB5DB3FE5959}.Default|x86.ActiveCfg = Debug|x86
		{B483E041-0DA3-4659-8B40-BB5DB3FE5959}.Default|x86.Build.0 = Debug|x86
		{B483E041-0DA3-4659-8B40-BB5DB3FE5959}.iOS|Any CPU.ActiveCfg = Release|x86
		{B483E041-0DA3-4659-8B40-BB5DB3FE5959}.iOS|Mixed Platforms.ActiveCfg = Release|x86
		{B483E041-0DA3-4659-8B40-BB5DB3FE5959}.iOS|Mixed Platforms.Build.0 = Release|x86
		{B483E041-0DA3-4659-8B40-BB5DB3FE5959}.iOS|x86.ActiveCfg = Release|x86
		{B483E041-0DA3-4659-8B40-BB5DB3FE5959}.iOS|x86.Build.0 = Release|x86
		{B483E041-0DA3-4659-8B40-BB5DB3FE5959}.Net20|Any CPU.ActiveCfg = Release|x86
		{B483E041-0DA3-4659-8B40-BB5DB3FE5959}.Net20|Mixed Platforms.ActiveCfg = Release|x86
		{B483E041-0DA3-4659-8B40-BB5DB3FE5959}.Net20|Mixed Platforms.Build.0 = Release|x86
		{B483E041-0DA3-4659-8B40-BB5DB3FE5959}.Net20|x86.ActiveCfg = Release|x86
		{B483E041-0DA3-4659-8B40-BB5DB3FE5959}.Net20|x86.Build.0 = Release|x86
		{B483E041-0DA3-4659-8B40-BB5DB3FE5959}.Profile|Any CPU.ActiveCfg = Release|x86
		{B483E041-0DA3-4659-8B40-BB5DB3FE5959}.Profile|Mixed Platforms.ActiveCfg = Release|x86
		{B483E041-0DA3-4659-8B40-BB5DB3FE5959}.Profile|Mixed Platforms.Build.0 = Release|x86
		{B483E041-0DA3-4659-8B40-BB5DB3FE5959}.Profile|x86.ActiveCfg = Release|x86
		{B483E041-0DA3-4659-8B40-BB5DB3FE5959}.Profile|x86.Build.0 = Release|x86
		{B483E041-0DA3-4659-8B40-BB5DB3FE5959}.Release|Any CPU.ActiveCfg = Release|x86
		{B483E041-0DA3-4659-8B40-BB5DB3FE5959}.Release|Mixed Platforms.ActiveCfg = Release|x86
		{B483E041-0DA3-4659-8B40-BB5DB3FE5959}.Release|Mixed Platforms.Build.0 = Release|x86
		{B483E041-0DA3-4659-8B40-BB5DB3FE5959}.Release|x86.ActiveCfg = Release|x86
		{B483E041-0DA3-4659-8B40-BB5DB3FE5959}.Release|x86.Build.0 = Release|x86
		{B483E041-0DA3-4659-8B40-BB5DB3FE5959}.Silverlight2|Any CPU.ActiveCfg = Release|x86
		{B483E041-0DA3-4659-8B40-BB5DB3FE5959}.Silverlight2|Mixed Platforms.ActiveCfg = Release|x86
		{B483E041-0DA3-4659-8B40-BB5DB3FE5959}.Silverlight2|Mixed Platforms.Build.0 = Release|x86
		{B483E041-0DA3-4659-8B40-BB5DB3FE5959}.Silverlight2|x86.ActiveCfg = Release|x86
		{B483E041-0DA3-4659-8B40-BB5DB3FE5959}.Silverlight2|x86.Build.0 = Release|x86
		{1B6A7977-58B9-4369-A4D2-DCB0A286F429}.Debug|Any CPU.ActiveCfg = Debug|Any CPU
		{1B6A7977-58B9-4369-A4D2-DCB0A286F429}.Debug|Any CPU.Build.0 = Debug|Any CPU
		{1B6A7977-58B9-4369-A4D2-DCB0A286F429}.Debug|Mixed Platforms.ActiveCfg = Debug|Any CPU
		{1B6A7977-58B9-4369-A4D2-DCB0A286F429}.Debug|Mixed Platforms.Build.0 = Debug|Any CPU
		{1B6A7977-58B9-4369-A4D2-DCB0A286F429}.Debug|x86.ActiveCfg = Debug|Any CPU
		{1B6A7977-58B9-4369-A4D2-DCB0A286F429}.Default|Any CPU.ActiveCfg = Debug|Any CPU
		{1B6A7977-58B9-4369-A4D2-DCB0A286F429}.Default|Any CPU.Build.0 = Debug|Any CPU
		{1B6A7977-58B9-4369-A4D2-DCB0A286F429}.Default|Mixed Platforms.ActiveCfg = Debug|Any CPU
		{1B6A7977-58B9-4369-A4D2-DCB0A286F429}.Default|Mixed Platforms.Build.0 = Debug|Any CPU
		{1B6A7977-58B9-4369-A4D2-DCB0A286F429}.Default|x86.ActiveCfg = Debug|Any CPU
		{1B6A7977-58B9-4369-A4D2-DCB0A286F429}.iOS|Any CPU.ActiveCfg = Release|Any CPU
		{1B6A7977-58B9-4369-A4D2-DCB0A286F429}.iOS|Any CPU.Build.0 = Release|Any CPU
		{1B6A7977-58B9-4369-A4D2-DCB0A286F429}.iOS|Mixed Platforms.ActiveCfg = Release|Any CPU
		{1B6A7977-58B9-4369-A4D2-DCB0A286F429}.iOS|Mixed Platforms.Build.0 = Release|Any CPU
		{1B6A7977-58B9-4369-A4D2-DCB0A286F429}.iOS|x86.ActiveCfg = Release|Any CPU
		{1B6A7977-58B9-4369-A4D2-DCB0A286F429}.Net20|Any CPU.ActiveCfg = Release|Any CPU
		{1B6A7977-58B9-4369-A4D2-DCB0A286F429}.Net20|Any CPU.Build.0 = Release|Any CPU
		{1B6A7977-58B9-4369-A4D2-DCB0A286F429}.Net20|Mixed Platforms.ActiveCfg = Release|Any CPU
		{1B6A7977-58B9-4369-A4D2-DCB0A286F429}.Net20|Mixed Platforms.Build.0 = Release|Any CPU
		{1B6A7977-58B9-4369-A4D2-DCB0A286F429}.Net20|x86.ActiveCfg = Release|Any CPU
		{1B6A7977-58B9-4369-A4D2-DCB0A286F429}.Profile|Any CPU.ActiveCfg = Release|Any CPU
		{1B6A7977-58B9-4369-A4D2-DCB0A286F429}.Profile|Any CPU.Build.0 = Release|Any CPU
		{1B6A7977-58B9-4369-A4D2-DCB0A286F429}.Profile|Mixed Platforms.ActiveCfg = Release|Any CPU
		{1B6A7977-58B9-4369-A4D2-DCB0A286F429}.Profile|Mixed Platforms.Build.0 = Release|Any CPU
		{1B6A7977-58B9-4369-A4D2-DCB0A286F429}.Profile|x86.ActiveCfg = Release|Any CPU
		{1B6A7977-58B9-4369-A4D2-DCB0A286F429}.Release|Any CPU.ActiveCfg = Release|Any CPU
		{1B6A7977-58B9-4369-A4D2-DCB0A286F429}.Release|Any CPU.Build.0 = Release|Any CPU
		{1B6A7977-58B9-4369-A4D2-DCB0A286F429}.Release|Mixed Platforms.ActiveCfg = Release|Any CPU
		{1B6A7977-58B9-4369-A4D2-DCB0A286F429}.Release|Mixed Platforms.Build.0 = Release|Any CPU
		{1B6A7977-58B9-4369-A4D2-DCB0A286F429}.Release|x86.ActiveCfg = Release|Any CPU
		{1B6A7977-58B9-4369-A4D2-DCB0A286F429}.Silverlight2|Any CPU.ActiveCfg = Release|Any CPU
		{1B6A7977-58B9-4369-A4D2-DCB0A286F429}.Silverlight2|Any CPU.Build.0 = Release|Any CPU
		{1B6A7977-58B9-4369-A4D2-DCB0A286F429}.Silverlight2|Mixed Platforms.ActiveCfg = Release|Any CPU
		{1B6A7977-58B9-4369-A4D2-DCB0A286F429}.Silverlight2|Mixed Platforms.Build.0 = Release|Any CPU
		{1B6A7977-58B9-4369-A4D2-DCB0A286F429}.Silverlight2|x86.ActiveCfg = Release|Any CPU
		{42123A7B-3B6F-4EE3-A7B9-2253499D8D08}.Debug|Any CPU.ActiveCfg = Debug|x86
		{42123A7B-3B6F-4EE3-A7B9-2253499D8D08}.Debug|Mixed Platforms.ActiveCfg = Debug|x86
		{42123A7B-3B6F-4EE3-A7B9-2253499D8D08}.Debug|Mixed Platforms.Build.0 = Debug|x86
		{42123A7B-3B6F-4EE3-A7B9-2253499D8D08}.Debug|x86.ActiveCfg = Debug|x86
		{42123A7B-3B6F-4EE3-A7B9-2253499D8D08}.Debug|x86.Build.0 = Debug|x86
		{42123A7B-3B6F-4EE3-A7B9-2253499D8D08}.Default|Any CPU.ActiveCfg = Debug|x86
		{42123A7B-3B6F-4EE3-A7B9-2253499D8D08}.Default|Mixed Platforms.ActiveCfg = Debug|x86
		{42123A7B-3B6F-4EE3-A7B9-2253499D8D08}.Default|Mixed Platforms.Build.0 = Debug|x86
		{42123A7B-3B6F-4EE3-A7B9-2253499D8D08}.Default|x86.ActiveCfg = Debug|x86
		{42123A7B-3B6F-4EE3-A7B9-2253499D8D08}.Default|x86.Build.0 = Debug|x86
		{42123A7B-3B6F-4EE3-A7B9-2253499D8D08}.iOS|Any CPU.ActiveCfg = Release|x86
		{42123A7B-3B6F-4EE3-A7B9-2253499D8D08}.iOS|Mixed Platforms.ActiveCfg = Release|x86
		{42123A7B-3B6F-4EE3-A7B9-2253499D8D08}.iOS|Mixed Platforms.Build.0 = Release|x86
		{42123A7B-3B6F-4EE3-A7B9-2253499D8D08}.iOS|x86.ActiveCfg = Release|x86
		{42123A7B-3B6F-4EE3-A7B9-2253499D8D08}.iOS|x86.Build.0 = Release|x86
		{42123A7B-3B6F-4EE3-A7B9-2253499D8D08}.Net20|Any CPU.ActiveCfg = Release|x86
		{42123A7B-3B6F-4EE3-A7B9-2253499D8D08}.Net20|Mixed Platforms.ActiveCfg = Release|x86
		{42123A7B-3B6F-4EE3-A7B9-2253499D8D08}.Net20|Mixed Platforms.Build.0 = Release|x86
		{42123A7B-3B6F-4EE3-A7B9-2253499D8D08}.Net20|x86.ActiveCfg = Release|x86
		{42123A7B-3B6F-4EE3-A7B9-2253499D8D08}.Net20|x86.Build.0 = Release|x86
		{42123A7B-3B6F-4EE3-A7B9-2253499D8D08}.Profile|Any CPU.ActiveCfg = Release|x86
		{42123A7B-3B6F-4EE3-A7B9-2253499D8D08}.Profile|Mixed Platforms.ActiveCfg = Release|x86
		{42123A7B-3B6F-4EE3-A7B9-2253499D8D08}.Profile|Mixed Platforms.Build.0 = Release|x86
		{42123A7B-3B6F-4EE3-A7B9-2253499D8D08}.Profile|x86.ActiveCfg = Release|x86
		{42123A7B-3B6F-4EE3-A7B9-2253499D8D08}.Profile|x86.Build.0 = Release|x86
		{42123A7B-3B6F-4EE3-A7B9-2253499D8D08}.Release|Any CPU.ActiveCfg = Release|x86
		{42123A7B-3B6F-4EE3-A7B9-2253499D8D08}.Release|Mixed Platforms.ActiveCfg = Release|x86
		{42123A7B-3B6F-4EE3-A7B9-2253499D8D08}.Release|Mixed Platforms.Build.0 = Release|x86
		{42123A7B-3B6F-4EE3-A7B9-2253499D8D08}.Release|x86.ActiveCfg = Release|x86
		{42123A7B-3B6F-4EE3-A7B9-2253499D8D08}.Release|x86.Build.0 = Release|x86
		{42123A7B-3B6F-4EE3-A7B9-2253499D8D08}.Silverlight2|Any CPU.ActiveCfg = Release|x86
		{42123A7B-3B6F-4EE3-A7B9-2253499D8D08}.Silverlight2|Mixed Platforms.ActiveCfg = Release|x86
		{42123A7B-3B6F-4EE3-A7B9-2253499D8D08}.Silverlight2|Mixed Platforms.Build.0 = Release|x86
		{42123A7B-3B6F-4EE3-A7B9-2253499D8D08}.Silverlight2|x86.ActiveCfg = Release|x86
		{42123A7B-3B6F-4EE3-A7B9-2253499D8D08}.Silverlight2|x86.Build.0 = Release|x86
		{5632D2C3-736F-48F7-A50E-8716F30766EA}.Debug|Any CPU.ActiveCfg = Debug|x86
		{5632D2C3-736F-48F7-A50E-8716F30766EA}.Debug|Mixed Platforms.ActiveCfg = Debug|x86
		{5632D2C3-736F-48F7-A50E-8716F30766EA}.Debug|Mixed Platforms.Build.0 = Debug|x86
		{5632D2C3-736F-48F7-A50E-8716F30766EA}.Debug|x86.ActiveCfg = Debug|x86
		{5632D2C3-736F-48F7-A50E-8716F30766EA}.Debug|x86.Build.0 = Debug|x86
		{5632D2C3-736F-48F7-A50E-8716F30766EA}.Default|Any CPU.ActiveCfg = Debug|x86
		{5632D2C3-736F-48F7-A50E-8716F30766EA}.Default|Mixed Platforms.ActiveCfg = Debug|x86
		{5632D2C3-736F-48F7-A50E-8716F30766EA}.Default|Mixed Platforms.Build.0 = Debug|x86
		{5632D2C3-736F-48F7-A50E-8716F30766EA}.Default|x86.ActiveCfg = Debug|x86
		{5632D2C3-736F-48F7-A50E-8716F30766EA}.Default|x86.Build.0 = Debug|x86
		{5632D2C3-736F-48F7-A50E-8716F30766EA}.iOS|Any CPU.ActiveCfg = Release|x86
		{5632D2C3-736F-48F7-A50E-8716F30766EA}.iOS|Mixed Platforms.ActiveCfg = Release|x86
		{5632D2C3-736F-48F7-A50E-8716F30766EA}.iOS|Mixed Platforms.Build.0 = Release|x86
		{5632D2C3-736F-48F7-A50E-8716F30766EA}.iOS|x86.ActiveCfg = Release|x86
		{5632D2C3-736F-48F7-A50E-8716F30766EA}.iOS|x86.Build.0 = Release|x86
		{5632D2C3-736F-48F7-A50E-8716F30766EA}.Net20|Any CPU.ActiveCfg = Release|x86
		{5632D2C3-736F-48F7-A50E-8716F30766EA}.Net20|Mixed Platforms.ActiveCfg = Release|x86
		{5632D2C3-736F-48F7-A50E-8716F30766EA}.Net20|Mixed Platforms.Build.0 = Release|x86
		{5632D2C3-736F-48F7-A50E-8716F30766EA}.Net20|x86.ActiveCfg = Release|x86
		{5632D2C3-736F-48F7-A50E-8716F30766EA}.Net20|x86.Build.0 = Release|x86
		{5632D2C3-736F-48F7-A50E-8716F30766EA}.Profile|Any CPU.ActiveCfg = Release|x86
		{5632D2C3-736F-48F7-A50E-8716F30766EA}.Profile|Mixed Platforms.ActiveCfg = Release|x86
		{5632D2C3-736F-48F7-A50E-8716F30766EA}.Profile|Mixed Platforms.Build.0 = Release|x86
		{5632D2C3-736F-48F7-A50E-8716F30766EA}.Profile|x86.ActiveCfg = Release|x86
		{5632D2C3-736F-48F7-A50E-8716F30766EA}.Profile|x86.Build.0 = Release|x86
		{5632D2C3-736F-48F7-A50E-8716F30766EA}.Release|Any CPU.ActiveCfg = Release|x86
		{5632D2C3-736F-48F7-A50E-8716F30766EA}.Release|Mixed Platforms.ActiveCfg = Release|x86
		{5632D2C3-736F-48F7-A50E-8716F30766EA}.Release|Mixed Platforms.Build.0 = Release|x86
		{5632D2C3-736F-48F7-A50E-8716F30766EA}.Release|x86.ActiveCfg = Release|x86
		{5632D2C3-736F-48F7-A50E-8716F30766EA}.Release|x86.Build.0 = Release|x86
		{5632D2C3-736F-48F7-A50E-8716F30766EA}.Silverlight2|Any CPU.ActiveCfg = Release|x86
		{5632D2C3-736F-48F7-A50E-8716F30766EA}.Silverlight2|Mixed Platforms.ActiveCfg = Release|x86
		{5632D2C3-736F-48F7-A50E-8716F30766EA}.Silverlight2|Mixed Platforms.Build.0 = Release|x86
		{5632D2C3-736F-48F7-A50E-8716F30766EA}.Silverlight2|x86.ActiveCfg = Release|x86
		{5632D2C3-736F-48F7-A50E-8716F30766EA}.Silverlight2|x86.Build.0 = Release|x86
		{30DE453C-A020-480F-85DB-50EF7B364167}.Debug|Any CPU.ActiveCfg = Debug|Any CPU
		{30DE453C-A020-480F-85DB-50EF7B364167}.Debug|Any CPU.Build.0 = Debug|Any CPU
		{30DE453C-A020-480F-85DB-50EF7B364167}.Debug|Mixed Platforms.ActiveCfg = Debug|Any CPU
		{30DE453C-A020-480F-85DB-50EF7B364167}.Debug|Mixed Platforms.Build.0 = Debug|Any CPU
		{30DE453C-A020-480F-85DB-50EF7B364167}.Debug|x86.ActiveCfg = Debug|Any CPU
		{30DE453C-A020-480F-85DB-50EF7B364167}.Default|Any CPU.ActiveCfg = Debug|Any CPU
		{30DE453C-A020-480F-85DB-50EF7B364167}.Default|Any CPU.Build.0 = Debug|Any CPU
		{30DE453C-A020-480F-85DB-50EF7B364167}.Default|Mixed Platforms.ActiveCfg = Debug|Any CPU
		{30DE453C-A020-480F-85DB-50EF7B364167}.Default|Mixed Platforms.Build.0 = Debug|Any CPU
		{30DE453C-A020-480F-85DB-50EF7B364167}.Default|x86.ActiveCfg = Debug|Any CPU
		{30DE453C-A020-480F-85DB-50EF7B364167}.iOS|Any CPU.ActiveCfg = Release|Any CPU
		{30DE453C-A020-480F-85DB-50EF7B364167}.iOS|Any CPU.Build.0 = Release|Any CPU
		{30DE453C-A020-480F-85DB-50EF7B364167}.iOS|Mixed Platforms.ActiveCfg = Release|Any CPU
		{30DE453C-A020-480F-85DB-50EF7B364167}.iOS|Mixed Platforms.Build.0 = Release|Any CPU
		{30DE453C-A020-480F-85DB-50EF7B364167}.iOS|x86.ActiveCfg = Release|Any CPU
		{30DE453C-A020-480F-85DB-50EF7B364167}.Net20|Any CPU.ActiveCfg = Release|Any CPU
		{30DE453C-A020-480F-85DB-50EF7B364167}.Net20|Any CPU.Build.0 = Release|Any CPU
		{30DE453C-A020-480F-85DB-50EF7B364167}.Net20|Mixed Platforms.ActiveCfg = Release|Any CPU
		{30DE453C-A020-480F-85DB-50EF7B364167}.Net20|Mixed Platforms.Build.0 = Release|Any CPU
		{30DE453C-A020-480F-85DB-50EF7B364167}.Net20|x86.ActiveCfg = Release|Any CPU
		{30DE453C-A020-480F-85DB-50EF7B364167}.Profile|Any CPU.ActiveCfg = Release|Any CPU
		{30DE453C-A020-480F-85DB-50EF7B364167}.Profile|Any CPU.Build.0 = Release|Any CPU
		{30DE453C-A020-480F-85DB-50EF7B364167}.Profile|Mixed Platforms.ActiveCfg = Release|Any CPU
		{30DE453C-A020-480F-85DB-50EF7B364167}.Profile|Mixed Platforms.Build.0 = Release|Any CPU
		{30DE453C-A020-480F-85DB-50EF7B364167}.Profile|x86.ActiveCfg = Release|Any CPU
		{30DE453C-A020-480F-85DB-50EF7B364167}.Release|Any CPU.ActiveCfg = Release|Any CPU
		{30DE453C-A020-480F-85DB-50EF7B364167}.Release|Any CPU.Build.0 = Release|Any CPU
		{30DE453C-A020-480F-85DB-50EF7B364167}.Release|Mixed Platforms.ActiveCfg = Release|Any CPU
		{30DE453C-A020-480F-85DB-50EF7B364167}.Release|Mixed Platforms.Build.0 = Release|Any CPU
		{30DE453C-A020-480F-85DB-50EF7B364167}.Release|x86.ActiveCfg = Release|Any CPU
		{30DE453C-A020-480F-85DB-50EF7B364167}.Silverlight2|Any CPU.ActiveCfg = Release|Any CPU
		{30DE453C-A020-480F-85DB-50EF7B364167}.Silverlight2|Any CPU.Build.0 = Release|Any CPU
		{30DE453C-A020-480F-85DB-50EF7B364167}.Silverlight2|Mixed Platforms.ActiveCfg = Release|Any CPU
		{30DE453C-A020-480F-85DB-50EF7B364167}.Silverlight2|Mixed Platforms.Build.0 = Release|Any CPU
		{30DE453C-A020-480F-85DB-50EF7B364167}.Silverlight2|x86.ActiveCfg = Release|Any CPU
		{2A12244B-3762-49BA-9D40-3968033CBEE0}.Debug|Any CPU.ActiveCfg = Debug|Any CPU
		{2A12244B-3762-49BA-9D40-3968033CBEE0}.Debug|Any CPU.Build.0 = Debug|Any CPU
		{2A12244B-3762-49BA-9D40-3968033CBEE0}.Debug|Mixed Platforms.ActiveCfg = Debug|Any CPU
		{2A12244B-3762-49BA-9D40-3968033CBEE0}.Debug|Mixed Platforms.Build.0 = Debug|Any CPU
		{2A12244B-3762-49BA-9D40-3968033CBEE0}.Debug|x86.ActiveCfg = Debug|Any CPU
		{2A12244B-3762-49BA-9D40-3968033CBEE0}.Default|Any CPU.ActiveCfg = Debug|Any CPU
		{2A12244B-3762-49BA-9D40-3968033CBEE0}.Default|Any CPU.Build.0 = Debug|Any CPU
		{2A12244B-3762-49BA-9D40-3968033CBEE0}.Default|Mixed Platforms.ActiveCfg = Debug|Any CPU
		{2A12244B-3762-49BA-9D40-3968033CBEE0}.Default|Mixed Platforms.Build.0 = Debug|Any CPU
		{2A12244B-3762-49BA-9D40-3968033CBEE0}.Default|x86.ActiveCfg = Debug|Any CPU
		{2A12244B-3762-49BA-9D40-3968033CBEE0}.iOS|Any CPU.ActiveCfg = Release|Any CPU
		{2A12244B-3762-49BA-9D40-3968033CBEE0}.iOS|Any CPU.Build.0 = Release|Any CPU
		{2A12244B-3762-49BA-9D40-3968033CBEE0}.iOS|Mixed Platforms.ActiveCfg = Release|Any CPU
		{2A12244B-3762-49BA-9D40-3968033CBEE0}.iOS|Mixed Platforms.Build.0 = Release|Any CPU
		{2A12244B-3762-49BA-9D40-3968033CBEE0}.iOS|x86.ActiveCfg = Release|Any CPU
		{2A12244B-3762-49BA-9D40-3968033CBEE0}.Net20|Any CPU.ActiveCfg = Release|Any CPU
		{2A12244B-3762-49BA-9D40-3968033CBEE0}.Net20|Any CPU.Build.0 = Release|Any CPU
		{2A12244B-3762-49BA-9D40-3968033CBEE0}.Net20|Mixed Platforms.ActiveCfg = Release|Any CPU
		{2A12244B-3762-49BA-9D40-3968033CBEE0}.Net20|Mixed Platforms.Build.0 = Release|Any CPU
		{2A12244B-3762-49BA-9D40-3968033CBEE0}.Net20|x86.ActiveCfg = Release|Any CPU
		{2A12244B-3762-49BA-9D40-3968033CBEE0}.Profile|Any CPU.ActiveCfg = Release|Any CPU
		{2A12244B-3762-49BA-9D40-3968033CBEE0}.Profile|Any CPU.Build.0 = Release|Any CPU
		{2A12244B-3762-49BA-9D40-3968033CBEE0}.Profile|Mixed Platforms.ActiveCfg = Release|Any CPU
		{2A12244B-3762-49BA-9D40-3968033CBEE0}.Profile|Mixed Platforms.Build.0 = Release|Any CPU
		{2A12244B-3762-49BA-9D40-3968033CBEE0}.Profile|x86.ActiveCfg = Release|Any CPU
		{2A12244B-3762-49BA-9D40-3968033CBEE0}.Release|Any CPU.ActiveCfg = Release|Any CPU
		{2A12244B-3762-49BA-9D40-3968033CBEE0}.Release|Any CPU.Build.0 = Release|Any CPU
		{2A12244B-3762-49BA-9D40-3968033CBEE0}.Release|Mixed Platforms.ActiveCfg = Release|Any CPU
		{2A12244B-3762-49BA-9D40-3968033CBEE0}.Release|Mixed Platforms.Build.0 = Release|Any CPU
		{2A12244B-3762-49BA-9D40-3968033CBEE0}.Release|x86.ActiveCfg = Release|Any CPU
		{2A12244B-3762-49BA-9D40-3968033CBEE0}.Silverlight2|Any CPU.ActiveCfg = Release|Any CPU
		{2A12244B-3762-49BA-9D40-3968033CBEE0}.Silverlight2|Any CPU.Build.0 = Release|Any CPU
		{2A12244B-3762-49BA-9D40-3968033CBEE0}.Silverlight2|Mixed Platforms.ActiveCfg = Release|Any CPU
		{2A12244B-3762-49BA-9D40-3968033CBEE0}.Silverlight2|Mixed Platforms.Build.0 = Release|Any CPU
		{2A12244B-3762-49BA-9D40-3968033CBEE0}.Silverlight2|x86.ActiveCfg = Release|Any CPU
		{8374E4D7-2A91-48F1-9360-09B09CF27C3F}.Debug|Any CPU.ActiveCfg = Debug|Any CPU
		{8374E4D7-2A91-48F1-9360-09B09CF27C3F}.Debug|Any CPU.Build.0 = Debug|Any CPU
		{8374E4D7-2A91-48F1-9360-09B09CF27C3F}.Debug|Mixed Platforms.ActiveCfg = Debug|Any CPU
		{8374E4D7-2A91-48F1-9360-09B09CF27C3F}.Debug|Mixed Platforms.Build.0 = Debug|Any CPU
		{8374E4D7-2A91-48F1-9360-09B09CF27C3F}.Debug|x86.ActiveCfg = Debug|Any CPU
		{8374E4D7-2A91-48F1-9360-09B09CF27C3F}.Default|Any CPU.ActiveCfg = Debug|Any CPU
		{8374E4D7-2A91-48F1-9360-09B09CF27C3F}.Default|Any CPU.Build.0 = Debug|Any CPU
		{8374E4D7-2A91-48F1-9360-09B09CF27C3F}.Default|Mixed Platforms.ActiveCfg = Debug|Any CPU
		{8374E4D7-2A91-48F1-9360-09B09CF27C3F}.Default|Mixed Platforms.Build.0 = Debug|Any CPU
		{8374E4D7-2A91-48F1-9360-09B09CF27C3F}.Default|x86.ActiveCfg = Debug|Any CPU
		{8374E4D7-2A91-48F1-9360-09B09CF27C3F}.iOS|Any CPU.ActiveCfg = iOS|Any CPU
		{8374E4D7-2A91-48F1-9360-09B09CF27C3F}.iOS|Any CPU.Build.0 = iOS|Any CPU
		{8374E4D7-2A91-48F1-9360-09B09CF27C3F}.iOS|Mixed Platforms.ActiveCfg = iOS|Any CPU
		{8374E4D7-2A91-48F1-9360-09B09CF27C3F}.iOS|Mixed Platforms.Build.0 = iOS|Any CPU
		{8374E4D7-2A91-48F1-9360-09B09CF27C3F}.iOS|x86.ActiveCfg = iOS|Any CPU
		{8374E4D7-2A91-48F1-9360-09B09CF27C3F}.Net20|Any CPU.ActiveCfg = Net20|Any CPU
		{8374E4D7-2A91-48F1-9360-09B09CF27C3F}.Net20|Any CPU.Build.0 = Net20|Any CPU
		{8374E4D7-2A91-48F1-9360-09B09CF27C3F}.Net20|Mixed Platforms.ActiveCfg = Net20|Any CPU
		{8374E4D7-2A91-48F1-9360-09B09CF27C3F}.Net20|Mixed Platforms.Build.0 = Net20|Any CPU
		{8374E4D7-2A91-48F1-9360-09B09CF27C3F}.Net20|x86.ActiveCfg = Net20|Any CPU
		{8374E4D7-2A91-48F1-9360-09B09CF27C3F}.Profile|Any CPU.ActiveCfg = Profile|Any CPU
		{8374E4D7-2A91-48F1-9360-09B09CF27C3F}.Profile|Any CPU.Build.0 = Profile|Any CPU
		{8374E4D7-2A91-48F1-9360-09B09CF27C3F}.Profile|Mixed Platforms.ActiveCfg = Profile|Any CPU
		{8374E4D7-2A91-48F1-9360-09B09CF27C3F}.Profile|Mixed Platforms.Build.0 = Profile|Any CPU
		{8374E4D7-2A91-48F1-9360-09B09CF27C3F}.Profile|x86.ActiveCfg = Profile|Any CPU
		{8374E4D7-2A91-48F1-9360-09B09CF27C3F}.Release|Any CPU.ActiveCfg = Release|Any CPU
		{8374E4D7-2A91-48F1-9360-09B09CF27C3F}.Release|Any CPU.Build.0 = Release|Any CPU
		{8374E4D7-2A91-48F1-9360-09B09CF27C3F}.Release|Mixed Platforms.ActiveCfg = Release|Any CPU
		{8374E4D7-2A91-48F1-9360-09B09CF27C3F}.Release|Mixed Platforms.Build.0 = Release|Any CPU
		{8374E4D7-2A91-48F1-9360-09B09CF27C3F}.Release|x86.ActiveCfg = Release|Any CPU
		{8374E4D7-2A91-48F1-9360-09B09CF27C3F}.Silverlight2|Any CPU.ActiveCfg = Silverlight2|Any CPU
		{8374E4D7-2A91-48F1-9360-09B09CF27C3F}.Silverlight2|Any CPU.Build.0 = Silverlight2|Any CPU
		{8374E4D7-2A91-48F1-9360-09B09CF27C3F}.Silverlight2|Mixed Platforms.ActiveCfg = Silverlight2|Any CPU
		{8374E4D7-2A91-48F1-9360-09B09CF27C3F}.Silverlight2|Mixed Platforms.Build.0 = Silverlight2|Any CPU
		{8374E4D7-2A91-48F1-9360-09B09CF27C3F}.Silverlight2|x86.ActiveCfg = Silverlight2|Any CPU
		{AAB6683E-EE14-4F1F-922A-979FAE5F22AE}.Debug|Any CPU.ActiveCfg = Debug|Any CPU
		{AAB6683E-EE14-4F1F-922A-979FAE5F22AE}.Debug|Any CPU.Build.0 = Debug|Any CPU
		{AAB6683E-EE14-4F1F-922A-979FAE5F22AE}.Debug|Mixed Platforms.ActiveCfg = Debug|Any CPU
		{AAB6683E-EE14-4F1F-922A-979FAE5F22AE}.Debug|Mixed Platforms.Build.0 = Debug|Any CPU
		{AAB6683E-EE14-4F1F-922A-979FAE5F22AE}.Debug|x86.ActiveCfg = Debug|Any CPU
		{AAB6683E-EE14-4F1F-922A-979FAE5F22AE}.Default|Any CPU.ActiveCfg = Debug|Any CPU
		{AAB6683E-EE14-4F1F-922A-979FAE5F22AE}.Default|Any CPU.Build.0 = Debug|Any CPU
		{AAB6683E-EE14-4F1F-922A-979FAE5F22AE}.Default|Mixed Platforms.ActiveCfg = Debug|Any CPU
		{AAB6683E-EE14-4F1F-922A-979FAE5F22AE}.Default|Mixed Platforms.Build.0 = Debug|Any CPU
		{AAB6683E-EE14-4F1F-922A-979FAE5F22AE}.Default|x86.ActiveCfg = Debug|Any CPU
		{AAB6683E-EE14-4F1F-922A-979FAE5F22AE}.iOS|Any CPU.ActiveCfg = Release|Any CPU
		{AAB6683E-EE14-4F1F-922A-979FAE5F22AE}.iOS|Any CPU.Build.0 = Release|Any CPU
		{AAB6683E-EE14-4F1F-922A-979FAE5F22AE}.iOS|Mixed Platforms.ActiveCfg = Release|Any CPU
		{AAB6683E-EE14-4F1F-922A-979FAE5F22AE}.iOS|Mixed Platforms.Build.0 = Release|Any CPU
		{AAB6683E-EE14-4F1F-922A-979FAE5F22AE}.iOS|x86.ActiveCfg = Release|Any CPU
		{AAB6683E-EE14-4F1F-922A-979FAE5F22AE}.Net20|Any CPU.ActiveCfg = Release|Any CPU
		{AAB6683E-EE14-4F1F-922A-979FAE5F22AE}.Net20|Any CPU.Build.0 = Release|Any CPU
		{AAB6683E-EE14-4F1F-922A-979FAE5F22AE}.Net20|Mixed Platforms.ActiveCfg = Release|Any CPU
		{AAB6683E-EE14-4F1F-922A-979FAE5F22AE}.Net20|Mixed Platforms.Build.0 = Release|Any CPU
		{AAB6683E-EE14-4F1F-922A-979FAE5F22AE}.Net20|x86.ActiveCfg = Release|Any CPU
		{AAB6683E-EE14-4F1F-922A-979FAE5F22AE}.Profile|Any CPU.ActiveCfg = Release|Any CPU
		{AAB6683E-EE14-4F1F-922A-979FAE5F22AE}.Profile|Any CPU.Build.0 = Release|Any CPU
		{AAB6683E-EE14-4F1F-922A-979FAE5F22AE}.Profile|Mixed Platforms.ActiveCfg = Release|Any CPU
		{AAB6683E-EE14-4F1F-922A-979FAE5F22AE}.Profile|Mixed Platforms.Build.0 = Release|Any CPU
		{AAB6683E-EE14-4F1F-922A-979FAE5F22AE}.Profile|x86.ActiveCfg = Release|Any CPU
		{AAB6683E-EE14-4F1F-922A-979FAE5F22AE}.Release|Any CPU.ActiveCfg = Release|Any CPU
		{AAB6683E-EE14-4F1F-922A-979FAE5F22AE}.Release|Any CPU.Build.0 = Release|Any CPU
		{AAB6683E-EE14-4F1F-922A-979FAE5F22AE}.Release|Mixed Platforms.ActiveCfg = Release|Any CPU
		{AAB6683E-EE14-4F1F-922A-979FAE5F22AE}.Release|Mixed Platforms.Build.0 = Release|Any CPU
		{AAB6683E-EE14-4F1F-922A-979FAE5F22AE}.Release|x86.ActiveCfg = Release|Any CPU
		{AAB6683E-EE14-4F1F-922A-979FAE5F22AE}.Silverlight2|Any CPU.ActiveCfg = Release|Any CPU
		{AAB6683E-EE14-4F1F-922A-979FAE5F22AE}.Silverlight2|Any CPU.Build.0 = Release|Any CPU
		{AAB6683E-EE14-4F1F-922A-979FAE5F22AE}.Silverlight2|Mixed Platforms.ActiveCfg = Release|Any CPU
		{AAB6683E-EE14-4F1F-922A-979FAE5F22AE}.Silverlight2|Mixed Platforms.Build.0 = Release|Any CPU
		{AAB6683E-EE14-4F1F-922A-979FAE5F22AE}.Silverlight2|x86.ActiveCfg = Release|Any CPU
		{12EE4CDF-5F46-4351-98F1-6F81DD1687DC}.Debug|Any CPU.ActiveCfg = Debug|Any CPU
		{12EE4CDF-5F46-4351-98F1-6F81DD1687DC}.Debug|Any CPU.Build.0 = Debug|Any CPU
		{12EE4CDF-5F46-4351-98F1-6F81DD1687DC}.Debug|Mixed Platforms.ActiveCfg = Debug|Any CPU
		{12EE4CDF-5F46-4351-98F1-6F81DD1687DC}.Debug|Mixed Platforms.Build.0 = Debug|Any CPU
		{12EE4CDF-5F46-4351-98F1-6F81DD1687DC}.Debug|x86.ActiveCfg = Debug|Any CPU
		{12EE4CDF-5F46-4351-98F1-6F81DD1687DC}.Default|Any CPU.ActiveCfg = Debug|Any CPU
		{12EE4CDF-5F46-4351-98F1-6F81DD1687DC}.Default|Any CPU.Build.0 = Debug|Any CPU
		{12EE4CDF-5F46-4351-98F1-6F81DD1687DC}.Default|Mixed Platforms.ActiveCfg = Debug|Any CPU
		{12EE4CDF-5F46-4351-98F1-6F81DD1687DC}.Default|Mixed Platforms.Build.0 = Debug|Any CPU
		{12EE4CDF-5F46-4351-98F1-6F81DD1687DC}.Default|x86.ActiveCfg = Debug|Any CPU
		{12EE4CDF-5F46-4351-98F1-6F81DD1687DC}.iOS|Any CPU.ActiveCfg = Release|Any CPU
		{12EE4CDF-5F46-4351-98F1-6F81DD1687DC}.iOS|Any CPU.Build.0 = Release|Any CPU
		{12EE4CDF-5F46-4351-98F1-6F81DD1687DC}.iOS|Mixed Platforms.ActiveCfg = Release|Any CPU
		{12EE4CDF-5F46-4351-98F1-6F81DD1687DC}.iOS|Mixed Platforms.Build.0 = Release|Any CPU
		{12EE4CDF-5F46-4351-98F1-6F81DD1687DC}.iOS|x86.ActiveCfg = Release|Any CPU
		{12EE4CDF-5F46-4351-98F1-6F81DD1687DC}.Net20|Any CPU.ActiveCfg = Release|Any CPU
		{12EE4CDF-5F46-4351-98F1-6F81DD1687DC}.Net20|Any CPU.Build.0 = Release|Any CPU
		{12EE4CDF-5F46-4351-98F1-6F81DD1687DC}.Net20|Mixed Platforms.ActiveCfg = Release|Any CPU
		{12EE4CDF-5F46-4351-98F1-6F81DD1687DC}.Net20|Mixed Platforms.Build.0 = Release|Any CPU
		{12EE4CDF-5F46-4351-98F1-6F81DD1687DC}.Net20|x86.ActiveCfg = Release|Any CPU
		{12EE4CDF-5F46-4351-98F1-6F81DD1687DC}.Profile|Any CPU.ActiveCfg = Release|Any CPU
		{12EE4CDF-5F46-4351-98F1-6F81DD1687DC}.Profile|Any CPU.Build.0 = Release|Any CPU
		{12EE4CDF-5F46-4351-98F1-6F81DD1687DC}.Profile|Mixed Platforms.ActiveCfg = Release|Any CPU
		{12EE4CDF-5F46-4351-98F1-6F81DD1687DC}.Profile|Mixed Platforms.Build.0 = Release|Any CPU
		{12EE4CDF-5F46-4351-98F1-6F81DD1687DC}.Profile|x86.ActiveCfg = Release|Any CPU
		{12EE4CDF-5F46-4351-98F1-6F81DD1687DC}.Release|Any CPU.ActiveCfg = Release|Any CPU
		{12EE4CDF-5F46-4351-98F1-6F81DD1687DC}.Release|Any CPU.Build.0 = Release|Any CPU
		{12EE4CDF-5F46-4351-98F1-6F81DD1687DC}.Release|Mixed Platforms.ActiveCfg = Release|Any CPU
		{12EE4CDF-5F46-4351-98F1-6F81DD1687DC}.Release|Mixed Platforms.Build.0 = Release|Any CPU
		{12EE4CDF-5F46-4351-98F1-6F81DD1687DC}.Release|x86.ActiveCfg = Release|Any CPU
		{12EE4CDF-5F46-4351-98F1-6F81DD1687DC}.Silverlight2|Any CPU.ActiveCfg = Release|Any CPU
		{12EE4CDF-5F46-4351-98F1-6F81DD1687DC}.Silverlight2|Any CPU.Build.0 = Release|Any CPU
		{12EE4CDF-5F46-4351-98F1-6F81DD1687DC}.Silverlight2|Mixed Platforms.ActiveCfg = Release|Any CPU
		{12EE4CDF-5F46-4351-98F1-6F81DD1687DC}.Silverlight2|Mixed Platforms.Build.0 = Release|Any CPU
		{12EE4CDF-5F46-4351-98F1-6F81DD1687DC}.Silverlight2|x86.ActiveCfg = Release|Any CPU
	EndGlobalSection
	GlobalSection(SolutionProperties) = preSolution
		HideSolutionNode = FALSE
	EndGlobalSection
	GlobalSection(NestedProjects) = preSolution
		{A7C66D55-685E-47B2-A97D-31FD4E50ADD7} = {FA460DC2-7060-4ADA-8A2B-842E6F7EAE4E}
		{7420F403-082D-42FE-B1A3-CE4FA97CEDC2} = {FA460DC2-7060-4ADA-8A2B-842E6F7EAE4E}
		{2D2F75FD-F155-451B-A49F-EAECB277F282} = {FA460DC2-7060-4ADA-8A2B-842E6F7EAE4E}
		{1A2526F5-9A18-40D7-A4C1-479A131F1698} = {FA460DC2-7060-4ADA-8A2B-842E6F7EAE4E}
	EndGlobalSection
EndGlobal
