
Microsoft Visual Studio Solution File, Format Version 10.00
# Visual Studio 2008
Project("{FAE04EC0-301F-11D3-BF4B-00C04F79EFBC}") = "GELive", "GELive\GELive.csproj", "{1A2526F5-9A18-40D7-A4C1-479A131F1698}"
EndProject
Project("{FAE04EC0-301F-11D3-BF4B-00C04F79EFBC}") = "KmlBuilder", "KmlBuilder\KmlBuilder.csproj", "{90EC52E1-3A1B-44DF-B7E0-706DC50E74EF}"
EndProject
Project("{2150E333-8FDC-42A3-9474-1A3956D46DE8}") = "Solution Items", "Solution Items", "{D18C18FB-8BC7-455A-A213-E870A2DF5430}"
	ProjectSection(SolutionItems) = preProject
		Taskliste.xls = Taskliste.xls
	EndProjectSection
EndProject
Project("{FAE04EC0-301F-11D3-BF4B-00C04F79EFBC}") = "DataService", "DataService\DataService.csproj", "{2D2F75FD-F155-451B-A49F-EAECB277F282}"
EndProject
Project("{FAE04EC0-301F-11D3-BF4B-00C04F79EFBC}") = "TCPReciever", "TCPReciever\TCPReciever.csproj", "{A7C66D55-685E-47B2-A97D-31FD4E50ADD7}"
EndProject
Project("{54435603-DBB4-11D2-8724-00A0C9A8B90C}") = "ANRL_Setup", "ANRL_Setup\ANRL_Setup.vdproj", "{140392C5-A237-4271-9956-5F90BED18D7A}"
EndProject
Global
	GlobalSection(SubversionScc) = preSolution
		Svn-Managed = True
		Manager = AnkhSVN - Subversion Support for Visual Studio
	EndGlobalSection
	GlobalSection(SolutionConfigurationPlatforms) = preSolution
		Debug|Any CPU = Debug|Any CPU
		Debug|Mixed Platforms = Debug|Mixed Platforms
		Debug|x86 = Debug|x86
		Default|Any CPU = Default|Any CPU
		Default|Mixed Platforms = Default|Mixed Platforms
		Default|x86 = Default|x86
		Release|Any CPU = Release|Any CPU
		Release|Mixed Platforms = Release|Mixed Platforms
		Release|x86 = Release|x86
	EndGlobalSection
	GlobalSection(ProjectConfigurationPlatforms) = postSolution
		{1A2526F5-9A18-40D7-A4C1-479A131F1698}.Debug|Any CPU.ActiveCfg = Debug|Any CPU
		{1A2526F5-9A18-40D7-A4C1-479A131F1698}.Debug|Any CPU.Build.0 = Debug|Any CPU
		{1A2526F5-9A18-40D7-A4C1-479A131F1698}.Debug|Mixed Platforms.ActiveCfg = Debug|Any CPU
		{1A2526F5-9A18-40D7-A4C1-479A131F1698}.Debug|Mixed Platforms.Build.0 = Debug|Any CPU
		{1A2526F5-9A18-40D7-A4C1-479A131F1698}.Debug|x86.ActiveCfg = Debug|Any CPU
		{1A2526F5-9A18-40D7-A4C1-479A131F1698}.Default|Any CPU.ActiveCfg = Debug|Any CPU
		{1A2526F5-9A18-40D7-A4C1-479A131F1698}.Default|Any CPU.Build.0 = Debug|Any CPU
		{1A2526F5-9A18-40D7-A4C1-479A131F1698}.Default|Mixed Platforms.ActiveCfg = Debug|Any CPU
		{1A2526F5-9A18-40D7-A4C1-479A131F1698}.Default|Mixed Platforms.Build.0 = Debug|Any CPU
		{1A2526F5-9A18-40D7-A4C1-479A131F1698}.Default|x86.ActiveCfg = Debug|Any CPU
		{1A2526F5-9A18-40D7-A4C1-479A131F1698}.Release|Any CPU.ActiveCfg = Release|Any CPU
		{1A2526F5-9A18-40D7-A4C1-479A131F1698}.Release|Any CPU.Build.0 = Release|Any CPU
		{1A2526F5-9A18-40D7-A4C1-479A131F1698}.Release|Mixed Platforms.ActiveCfg = Release|Any CPU
		{1A2526F5-9A18-40D7-A4C1-479A131F1698}.Release|Mixed Platforms.Build.0 = Release|Any CPU
		{1A2526F5-9A18-40D7-A4C1-479A131F1698}.Release|x86.ActiveCfg = Release|Any CPU
		{90EC52E1-3A1B-44DF-B7E0-706DC50E74EF}.Debug|Any CPU.ActiveCfg = Debug|Any CPU
		{90EC52E1-3A1B-44DF-B7E0-706DC50E74EF}.Debug|Any CPU.Build.0 = Debug|Any CPU
		{90EC52E1-3A1B-44DF-B7E0-706DC50E74EF}.Debug|Mixed Platforms.ActiveCfg = Debug|Any CPU
		{90EC52E1-3A1B-44DF-B7E0-706DC50E74EF}.Debug|Mixed Platforms.Build.0 = Debug|Any CPU
		{90EC52E1-3A1B-44DF-B7E0-706DC50E74EF}.Debug|x86.ActiveCfg = Debug|Any CPU
		{90EC52E1-3A1B-44DF-B7E0-706DC50E74EF}.Default|Any CPU.ActiveCfg = Debug|Any CPU
		{90EC52E1-3A1B-44DF-B7E0-706DC50E74EF}.Default|Any CPU.Build.0 = Debug|Any CPU
		{90EC52E1-3A1B-44DF-B7E0-706DC50E74EF}.Default|Mixed Platforms.ActiveCfg = Debug|Any CPU
		{90EC52E1-3A1B-44DF-B7E0-706DC50E74EF}.Default|Mixed Platforms.Build.0 = Debug|Any CPU
		{90EC52E1-3A1B-44DF-B7E0-706DC50E74EF}.Default|x86.ActiveCfg = Debug|Any CPU
		{90EC52E1-3A1B-44DF-B7E0-706DC50E74EF}.Release|Any CPU.ActiveCfg = Release|Any CPU
		{90EC52E1-3A1B-44DF-B7E0-706DC50E74EF}.Release|Any CPU.Build.0 = Release|Any CPU
		{90EC52E1-3A1B-44DF-B7E0-706DC50E74EF}.Release|Mixed Platforms.ActiveCfg = Release|Any CPU
		{90EC52E1-3A1B-44DF-B7E0-706DC50E74EF}.Release|Mixed Platforms.Build.0 = Release|Any CPU
		{90EC52E1-3A1B-44DF-B7E0-706DC50E74EF}.Release|x86.ActiveCfg = Release|Any CPU
		{2D2F75FD-F155-451B-A49F-EAECB277F282}.Debug|Any CPU.ActiveCfg = Debug|Any CPU
		{2D2F75FD-F155-451B-A49F-EAECB277F282}.Debug|Any CPU.Build.0 = Debug|Any CPU
		{2D2F75FD-F155-451B-A49F-EAECB277F282}.Debug|Mixed Platforms.ActiveCfg = Debug|Any CPU
		{2D2F75FD-F155-451B-A49F-EAECB277F282}.Debug|Mixed Platforms.Build.0 = Debug|Any CPU
		{2D2F75FD-F155-451B-A49F-EAECB277F282}.Debug|x86.ActiveCfg = Debug|Any CPU
		{2D2F75FD-F155-451B-A49F-EAECB277F282}.Default|Any CPU.ActiveCfg = Debug|Any CPU
		{2D2F75FD-F155-451B-A49F-EAECB277F282}.Default|Any CPU.Build.0 = Debug|Any CPU
		{2D2F75FD-F155-451B-A49F-EAECB277F282}.Default|Mixed Platforms.ActiveCfg = Debug|Any CPU
		{2D2F75FD-F155-451B-A49F-EAECB277F282}.Default|Mixed Platforms.Build.0 = Debug|Any CPU
		{2D2F75FD-F155-451B-A49F-EAECB277F282}.Default|x86.ActiveCfg = Debug|Any CPU
		{2D2F75FD-F155-451B-A49F-EAECB277F282}.Release|Any CPU.ActiveCfg = Release|Any CPU
		{2D2F75FD-F155-451B-A49F-EAECB277F282}.Release|Any CPU.Build.0 = Release|Any CPU
		{2D2F75FD-F155-451B-A49F-EAECB277F282}.Release|Mixed Platforms.ActiveCfg = Release|Any CPU
		{2D2F75FD-F155-451B-A49F-EAECB277F282}.Release|Mixed Platforms.Build.0 = Release|Any CPU
		{2D2F75FD-F155-451B-A49F-EAECB277F282}.Release|x86.ActiveCfg = Release|Any CPU
		{A7C66D55-685E-47B2-A97D-31FD4E50ADD7}.Debug|Any CPU.ActiveCfg = Debug|Any CPU
		{A7C66D55-685E-47B2-A97D-31FD4E50ADD7}.Debug|Any CPU.Build.0 = Debug|Any CPU
		{A7C66D55-685E-47B2-A97D-31FD4E50ADD7}.Debug|Mixed Platforms.ActiveCfg = Debug|Any CPU
		{A7C66D55-685E-47B2-A97D-31FD4E50ADD7}.Debug|Mixed Platforms.Build.0 = Debug|Any CPU
		{A7C66D55-685E-47B2-A97D-31FD4E50ADD7}.Debug|x86.ActiveCfg = Debug|Any CPU
		{A7C66D55-685E-47B2-A97D-31FD4E50ADD7}.Default|Any CPU.ActiveCfg = Debug|Any CPU
		{A7C66D55-685E-47B2-A97D-31FD4E50ADD7}.Default|Any CPU.Build.0 = Debug|Any CPU
		{A7C66D55-685E-47B2-A97D-31FD4E50ADD7}.Default|Mixed Platforms.ActiveCfg = Debug|Any CPU
		{A7C66D55-685E-47B2-A97D-31FD4E50ADD7}.Default|Mixed Platforms.Build.0 = Debug|Any CPU
		{A7C66D55-685E-47B2-A97D-31FD4E50ADD7}.Default|x86.ActiveCfg = Debug|Any CPU
		{A7C66D55-685E-47B2-A97D-31FD4E50ADD7}.Release|Any CPU.ActiveCfg = Release|Any CPU
		{A7C66D55-685E-47B2-A97D-31FD4E50ADD7}.Release|Any CPU.Build.0 = Release|Any CPU
		{A7C66D55-685E-47B2-A97D-31FD4E50ADD7}.Release|Mixed Platforms.ActiveCfg = Release|Any CPU
		{A7C66D55-685E-47B2-A97D-31FD4E50ADD7}.Release|Mixed Platforms.Build.0 = Release|Any CPU
		{A7C66D55-685E-47B2-A97D-31FD4E50ADD7}.Release|x86.ActiveCfg = Release|Any CPU
		{140392C5-A237-4271-9956-5F90BED18D7A}.Debug|Any CPU.ActiveCfg = Debug
		{140392C5-A237-4271-9956-5F90BED18D7A}.Debug|Mixed Platforms.ActiveCfg = Debug
		{140392C5-A237-4271-9956-5F90BED18D7A}.Debug|x86.ActiveCfg = Debug
		{140392C5-A237-4271-9956-5F90BED18D7A}.Default|Any CPU.ActiveCfg = Debug
		{140392C5-A237-4271-9956-5F90BED18D7A}.Default|Mixed Platforms.ActiveCfg = Debug
		{140392C5-A237-4271-9956-5F90BED18D7A}.Default|x86.ActiveCfg = Debug
		{140392C5-A237-4271-9956-5F90BED18D7A}.Release|Any CPU.ActiveCfg = Release
		{140392C5-A237-4271-9956-5F90BED18D7A}.Release|Mixed Platforms.ActiveCfg = Release
		{140392C5-A237-4271-9956-5F90BED18D7A}.Release|x86.ActiveCfg = Release
	EndGlobalSection
	GlobalSection(SolutionProperties) = preSolution
		HideSolutionNode = FALSE
	EndGlobalSection
EndGlobal
