
Microsoft Visual Studio Solution File, Format Version 9.00
# Visual C# Express 2005
Project("{FAE04EC0-301F-11D3-BF4B-00C04F79EFBC}") = "WindowsApplication1", "WindowsApplication1\WindowsApplication1.csproj", "{FA83F08D-86A8-438E-BD3A-9D590200C06D}"
EndProject
Global
	GlobalSection(SolutionConfigurationPlatforms) = preSolution
		Debug|Any CPU = Debug|Any CPU
		Release|Any CPU = Release|Any CPU
	EndGlobalSection
	GlobalSection(ProjectConfigurationPlatforms) = postSolution
		{FA83F08D-86A8-438E-BD3A-9D590200C06D}.Debug|Any CPU.ActiveCfg = Debug|Any CPU
		{FA83F08D-86A8-438E-BD3A-9D590200C06D}.Debug|Any CPU.Build.0 = Debug|Any CPU
		{FA83F08D-86A8-438E-BD3A-9D590200C06D}.Release|Any CPU.ActiveCfg = Release|Any CPU
		{FA83F08D-86A8-438E-BD3A-9D590200C06D}.Release|Any CPU.Build.0 = Release|Any CPU
	EndGlobalSection
	GlobalSection(SolutionProperties) = preSolution
		HideSolutionNode = FALSE
	EndGlobalSection
EndGlobal
